// !$*UTF8*$!
{
	archiveVersion = 1;
	classes = {
	};
	objectVersion = 56;
	objects = {

/* Begin PBXBuildFile section */
		42D7803029F48AB900B3B184 /* AppDelegate.swift in Sources */ = {isa = PBXBuildFile; fileRef = 42D7802F29F48AB900B3B184 /* AppDelegate.swift */; };
		42D7803229F48AB900B3B184 /* SceneDelegate.swift in Sources */ = {isa = PBXBuildFile; fileRef = 42D7803129F48AB900B3B184 /* SceneDelegate.swift */; };
		42D7803729F48AB900B3B184 /* Main.storyboard in Resources */ = {isa = PBXBuildFile; fileRef = 42D7803529F48AB900B3B184 /* Main.storyboard */; };
		42D7803929F48ABA00B3B184 /* Assets.xcassets in Resources */ = {isa = PBXBuildFile; fileRef = 42D7803829F48ABA00B3B184 /* Assets.xcassets */; };
		42D7803C29F48ABA00B3B184 /* LaunchScreen.storyboard in Resources */ = {isa = PBXBuildFile; fileRef = 42D7803A29F48ABA00B3B184 /* LaunchScreen.storyboard */; };
		42D7804529F48D1600B3B184 /* TableViewCell.swift in Sources */ = {isa = PBXBuildFile; fileRef = 42D7804329F48D1600B3B184 /* TableViewCell.swift */; };
		42D7804629F48D1600B3B184 /* TableViewCell.xib in Resources */ = {isa = PBXBuildFile; fileRef = 42D7804429F48D1600B3B184 /* TableViewCell.xib */; };
		42D7804829F48FD200B3B184 /* HomeViewController.swift in Sources */ = {isa = PBXBuildFile; fileRef = 42D7804729F48FD200B3B184 /* HomeViewController.swift */; };
		42D7804A29F48FEB00B3B184 /* UploadImagesViewController.swift in Sources */ = {isa = PBXBuildFile; fileRef = 42D7804929F48FEB00B3B184 /* UploadImagesViewController.swift */; };
		42D7804E29F491BF00B3B184 /* SetImagesDelegate.swift in Sources */ = {isa = PBXBuildFile; fileRef = 42D7804D29F491BF00B3B184 /* SetImagesDelegate.swift */; };
		42D7805029F494CF00B3B184 /* TabBarViewController.swift in Sources */ = {isa = PBXBuildFile; fileRef = 42D7804F29F494CF00B3B184 /* TabBarViewController.swift */; };
		42D7805929F49AF200B3B184 /* ImageInfo.swift in Sources */ = {isa = PBXBuildFile; fileRef = 42D7805829F49AF200B3B184 /* ImageInfo.swift */; };
		42D7805B29F49C0600B3B184 /* ImageRealmFunctions.swift in Sources */ = {isa = PBXBuildFile; fileRef = 42D7805A29F49C0600B3B184 /* ImageRealmFunctions.swift */; };
		C29760D9E1756D0AFD56B878 /* Pods_FinalProject.framework in Frameworks */ = {isa = PBXBuildFile; fileRef = E73E6FC72E86106E1361746B /* Pods_FinalProject.framework */; };
/* End PBXBuildFile section */

/* Begin PBXFileReference section */
		1C22A7A4C3D26228678298AA /* Pods-FinalProject.debug.xcconfig */ = {isa = PBXFileReference; includeInIndex = 1; lastKnownFileType = text.xcconfig; name = "Pods-FinalProject.debug.xcconfig"; path = "Target Support Files/Pods-FinalProject/Pods-FinalProject.debug.xcconfig"; sourceTree = "<group>"; };
		40EE1F99B21A4C220BAD1161 /* Pods-FinalProject.release.xcconfig */ = {isa = PBXFileReference; includeInIndex = 1; lastKnownFileType = text.xcconfig; name = "Pods-FinalProject.release.xcconfig"; path = "Target Support Files/Pods-FinalProject/Pods-FinalProject.release.xcconfig"; sourceTree = "<group>"; };
		42D7802C29F48AB900B3B184 /* FinalProject.app */ = {isa = PBXFileReference; explicitFileType = wrapper.application; includeInIndex = 0; path = FinalProject.app; sourceTree = BUILT_PRODUCTS_DIR; };
		42D7802F29F48AB900B3B184 /* AppDelegate.swift */ = {isa = PBXFileReference; lastKnownFileType = sourcecode.swift; path = AppDelegate.swift; sourceTree = "<group>"; };
		42D7803129F48AB900B3B184 /* SceneDelegate.swift */ = {isa = PBXFileReference; lastKnownFileType = sourcecode.swift; path = SceneDelegate.swift; sourceTree = "<group>"; };
		42D7803629F48AB900B3B184 /* Base */ = {isa = PBXFileReference; lastKnownFileType = file.storyboard; name = Base; path = Base.lproj/Main.storyboard; sourceTree = "<group>"; };
		42D7803829F48ABA00B3B184 /* Assets.xcassets */ = {isa = PBXFileReference; lastKnownFileType = folder.assetcatalog; path = Assets.xcassets; sourceTree = "<group>"; };
		42D7803B29F48ABA00B3B184 /* Base */ = {isa = PBXFileReference; lastKnownFileType = file.storyboard; name = Base; path = Base.lproj/LaunchScreen.storyboard; sourceTree = "<group>"; };
		42D7803D29F48ABA00B3B184 /* Info.plist */ = {isa = PBXFileReference; lastKnownFileType = text.plist.xml; path = Info.plist; sourceTree = "<group>"; };
		42D7804329F48D1600B3B184 /* TableViewCell.swift */ = {isa = PBXFileReference; lastKnownFileType = sourcecode.swift; path = TableViewCell.swift; sourceTree = "<group>"; };
		42D7804429F48D1600B3B184 /* TableViewCell.xib */ = {isa = PBXFileReference; lastKnownFileType = file.xib; path = TableViewCell.xib; sourceTree = "<group>"; };
		42D7804729F48FD200B3B184 /* HomeViewController.swift */ = {isa = PBXFileReference; lastKnownFileType = sourcecode.swift; path = HomeViewController.swift; sourceTree = "<group>"; };
		42D7804929F48FEB00B3B184 /* UploadImagesViewController.swift */ = {isa = PBXFileReference; lastKnownFileType = sourcecode.swift; path = UploadImagesViewController.swift; sourceTree = "<group>"; };
		42D7804D29F491BF00B3B184 /* SetImagesDelegate.swift */ = {isa = PBXFileReference; lastKnownFileType = sourcecode.swift; path = SetImagesDelegate.swift; sourceTree = "<group>"; };
		42D7804F29F494CF00B3B184 /* TabBarViewController.swift */ = {isa = PBXFileReference; lastKnownFileType = sourcecode.swift; path = TabBarViewController.swift; sourceTree = "<group>"; };
		42D7805829F49AF200B3B184 /* ImageInfo.swift */ = {isa = PBXFileReference; lastKnownFileType = sourcecode.swift; path = ImageInfo.swift; sourceTree = "<group>"; };
		42D7805A29F49C0600B3B184 /* ImageRealmFunctions.swift */ = {isa = PBXFileReference; lastKnownFileType = sourcecode.swift; path = ImageRealmFunctions.swift; sourceTree = "<group>"; };
		E73E6FC72E86106E1361746B /* Pods_FinalProject.framework */ = {isa = PBXFileReference; explicitFileType = wrapper.framework; includeInIndex = 0; path = Pods_FinalProject.framework; sourceTree = BUILT_PRODUCTS_DIR; };
/* End PBXFileReference section */

/* Begin PBXFrameworksBuildPhase section */
		42D7802929F48AB900B3B184 /* Frameworks */ = {
			isa = PBXFrameworksBuildPhase;
			buildActionMask = 2147483647;
			files = (
				C29760D9E1756D0AFD56B878 /* Pods_FinalProject.framework in Frameworks */,
			);
			runOnlyForDeploymentPostprocessing = 0;
		};
/* End PBXFrameworksBuildPhase section */

/* Begin PBXGroup section */
		16E6F7E7BDEFE3D562A0D216 /* Frameworks */ = {
			isa = PBXGroup;
			children = (
				E73E6FC72E86106E1361746B /* Pods_FinalProject.framework */,
			);
			name = Frameworks;
			sourceTree = "<group>";
		};
		42D7802329F48AB900B3B184 = {
			isa = PBXGroup;
			children = (
				42D7802E29F48AB900B3B184 /* FinalProject */,
				42D7802D29F48AB900B3B184 /* Products */,
				C6E5AEC01283679BC10F9294 /* Pods */,
				16E6F7E7BDEFE3D562A0D216 /* Frameworks */,
			);
			sourceTree = "<group>";
		};
		42D7802D29F48AB900B3B184 /* Products */ = {
			isa = PBXGroup;
			children = (
				42D7802C29F48AB900B3B184 /* FinalProject.app */,
			);
			name = Products;
			sourceTree = "<group>";
		};
		42D7802E29F48AB900B3B184 /* FinalProject */ = {
			isa = PBXGroup;
			children = (
				42D7805729F49A6600B3B184 /* View */,
				42D7805629F49A5E00B3B184 /* Model */,
				42D7805529F49A4600B3B184 /* Controller */,
				42D7802F29F48AB900B3B184 /* AppDelegate.swift */,
				42D7803129F48AB900B3B184 /* SceneDelegate.swift */,
				42D7803829F48ABA00B3B184 /* Assets.xcassets */,
				42D7803D29F48ABA00B3B184 /* Info.plist */,
				42D7804D29F491BF00B3B184 /* SetImagesDelegate.swift */,
			);
			path = FinalProject;
			sourceTree = "<group>";
		};
		42D7805529F49A4600B3B184 /* Controller */ = {
			isa = PBXGroup;
			children = (
				42D7804329F48D1600B3B184 /* TableViewCell.swift */,
				42D7804729F48FD200B3B184 /* HomeViewController.swift */,
				42D7804929F48FEB00B3B184 /* UploadImagesViewController.swift */,
				42D7804F29F494CF00B3B184 /* TabBarViewController.swift */,
				42D7805A29F49C0600B3B184 /* ImageRealmFunctions.swift */,
			);
			path = Controller;
			sourceTree = "<group>";
		};
		42D7805629F49A5E00B3B184 /* Model */ = {
			isa = PBXGroup;
			children = (
				42D7805829F49AF200B3B184 /* ImageInfo.swift */,
			);
			path = Model;
			sourceTree = "<group>";
		};
		42D7805729F49A6600B3B184 /* View */ = {
			isa = PBXGroup;
			children = (
				42D7803529F48AB900B3B184 /* Main.storyboard */,
				42D7803A29F48ABA00B3B184 /* LaunchScreen.storyboard */,
				42D7804429F48D1600B3B184 /* TableViewCell.xib */,
			);
			path = View;
			sourceTree = "<group>";
		};
		C6E5AEC01283679BC10F9294 /* Pods */ = {
			isa = PBXGroup;
			children = (
				1C22A7A4C3D26228678298AA /* Pods-FinalProject.debug.xcconfig */,
				40EE1F99B21A4C220BAD1161 /* Pods-FinalProject.release.xcconfig */,
			);
			path = Pods;
			sourceTree = "<group>";
		};
/* End PBXGroup section */

/* Begin PBXNativeTarget section */
		42D7802B29F48AB900B3B184 /* FinalProject */ = {
			isa = PBXNativeTarget;
			buildConfigurationList = 42D7804029F48ABA00B3B184 /* Build configuration list for PBXNativeTarget "FinalProject" */;
			buildPhases = (
				BCBAF8F0D01A7029BEC892EA /* [CP] Check Pods Manifest.lock */,
				42D7802829F48AB900B3B184 /* Sources */,
				42D7802929F48AB900B3B184 /* Frameworks */,
				42D7802A29F48AB900B3B184 /* Resources */,
				3D442AB22D53A9FEA2B6DEAA /* [CP] Embed Pods Frameworks */,
			);
			buildRules = (
			);
			dependencies = (
			);
			name = FinalProject;
			productName = FinalProject;
			productReference = 42D7802C29F48AB900B3B184 /* FinalProject.app */;
			productType = "com.apple.product-type.application";
		};
/* End PBXNativeTarget section */

/* Begin PBXProject section */
		42D7802429F48AB900B3B184 /* Project object */ = {
			isa = PBXProject;
			attributes = {
				BuildIndependentTargetsInParallel = 1;
				LastSwiftUpdateCheck = 1430;
				LastUpgradeCheck = 1430;
				TargetAttributes = {
					42D7802B29F48AB900B3B184 = {
						CreatedOnToolsVersion = 14.3;
					};
				};
			};
			buildConfigurationList = 42D7802729F48AB900B3B184 /* Build configuration list for PBXProject "FinalProject" */;
			compatibilityVersion = "Xcode 14.0";
			developmentRegion = en;
			hasScannedForEncodings = 0;
			knownRegions = (
				en,
				Base,
			);
			mainGroup = 42D7802329F48AB900B3B184;
			productRefGroup = 42D7802D29F48AB900B3B184 /* Products */;
			projectDirPath = "";
			projectRoot = "";
			targets = (
				42D7802B29F48AB900B3B184 /* FinalProject */,
			);
		};
/* End PBXProject section */

/* Begin PBXResourcesBuildPhase section */
		42D7802A29F48AB900B3B184 /* Resources */ = {
			isa = PBXResourcesBuildPhase;
			buildActionMask = 2147483647;
			files = (
				42D7803C29F48ABA00B3B184 /* LaunchScreen.storyboard in Resources */,
				42D7804629F48D1600B3B184 /* TableViewCell.xib in Resources */,
				42D7803929F48ABA00B3B184 /* Assets.xcassets in Resources */,
				42D7803729F48AB900B3B184 /* Main.storyboard in Resources */,
			);
			runOnlyForDeploymentPostprocessing = 0;
		};
/* End PBXResourcesBuildPhase section */

/* Begin PBXShellScriptBuildPhase section */
		3D442AB22D53A9FEA2B6DEAA /* [CP] Embed Pods Frameworks */ = {
			isa = PBXShellScriptBuildPhase;
			buildActionMask = 2147483647;
			files = (
			);
			inputFileListPaths = (
				"${PODS_ROOT}/Target Support Files/Pods-FinalProject/Pods-FinalProject-frameworks-${CONFIGURATION}-input-files.xcfilelist",
			);
			name = "[CP] Embed Pods Frameworks";
			outputFileListPaths = (
				"${PODS_ROOT}/Target Support Files/Pods-FinalProject/Pods-FinalProject-frameworks-${CONFIGURATION}-output-files.xcfilelist",
			);
			runOnlyForDeploymentPostprocessing = 0;
			shellPath = /bin/sh;
			shellScript = "\"${PODS_ROOT}/Target Support Files/Pods-FinalProject/Pods-FinalProject-frameworks.sh\"\n";
			showEnvVarsInLog = 0;
		};
		BCBAF8F0D01A7029BEC892EA /* [CP] Check Pods Manifest.lock */ = {
			isa = PBXShellScriptBuildPhase;
			buildActionMask = 2147483647;
			files = (
			);
			inputFileListPaths = (
			);
			inputPaths = (
				"${PODS_PODFILE_DIR_PATH}/Podfile.lock",
				"${PODS_ROOT}/Manifest.lock",
			);
			name = "[CP] Check Pods Manifest.lock";
			outputFileListPaths = (
			);
			outputPaths = (
				"$(DERIVED_FILE_DIR)/Pods-FinalProject-checkManifestLockResult.txt",
			);
			runOnlyForDeploymentPostprocessing = 0;
			shellPath = /bin/sh;
			shellScript = "diff \"${PODS_PODFILE_DIR_PATH}/Podfile.lock\" \"${PODS_ROOT}/Manifest.lock\" > /dev/null\nif [ $? != 0 ] ; then\n    # print error to STDERR\n    echo \"error: The sandbox is not in sync with the Podfile.lock. Run 'pod install' or update your CocoaPods installation.\" >&2\n    exit 1\nfi\n# This output is used by Xcode 'outputs' to avoid re-running this script phase.\necho \"SUCCESS\" > \"${SCRIPT_OUTPUT_FILE_0}\"\n";
			showEnvVarsInLog = 0;
		};
/* End PBXShellScriptBuildPhase section */

/* Begin PBXSourcesBuildPhase section */
		42D7802829F48AB900B3B184 /* Sources */ = {
			isa = PBXSourcesBuildPhase;
			buildActionMask = 2147483647;
			files = (
				42D7804829F48FD200B3B184 /* HomeViewController.swift in Sources */,
				42D7805929F49AF200B3B184 /* ImageInfo.swift in Sources */,
				42D7804E29F491BF00B3B184 /* SetImagesDelegate.swift in Sources */,
				42D7804A29F48FEB00B3B184 /* UploadImagesViewController.swift in Sources */,
				42D7804529F48D1600B3B184 /* TableViewCell.swift in Sources */,
				42D7805029F494CF00B3B184 /* TabBarViewController.swift in Sources */,
				42D7805B29F49C0600B3B184 /* ImageRealmFunctions.swift in Sources */,
				42D7803029F48AB900B3B184 /* AppDelegate.swift in Sources */,
				42D7803229F48AB900B3B184 /* SceneDelegate.swift in Sources */,
			);
			runOnlyForDeploymentPostprocessing = 0;
		};
/* End PBXSourcesBuildPhase section */

/* Begin PBXVariantGroup section */
		42D7803529F48AB900B3B184 /* Main.storyboard */ = {
			isa = PBXVariantGroup;
			children = (
				42D7803629F48AB900B3B184 /* Base */,
			);
			name = Main.storyboard;
			sourceTree = "<group>";
		};
		42D7803A29F48ABA00B3B184 /* LaunchScreen.storyboard */ = {
			isa = PBXVariantGroup;
			children = (
				42D7803B29F48ABA00B3B184 /* Base */,
			);
			name = LaunchScreen.storyboard;
			sourceTree = "<group>";
		};
/* End PBXVariantGroup section */

/* Begin XCBuildConfiguration section */
		42D7803E29F48ABA00B3B184 /* Debug */ = {
			isa = XCBuildConfiguration;
			buildSettings = {
				ALWAYS_SEARCH_USER_PATHS = NO;
				CLANG_ANALYZER_NONNULL = YES;
				CLANG_ANALYZER_NUMBER_OBJECT_CONVERSION = YES_AGGRESSIVE;
				CLANG_CXX_LANGUAGE_STANDARD = "gnu++20";
				CLANG_ENABLE_MODULES = YES;
				CLANG_ENABLE_OBJC_ARC = YES;
				CLANG_ENABLE_OBJC_WEAK = YES;
				CLANG_WARN_BLOCK_CAPTURE_AUTORELEASING = YES;
				CLANG_WARN_BOOL_CONVERSION = YES;
				CLANG_WARN_COMMA = YES;
				CLANG_WARN_CONSTANT_CONVERSION = YES;
				CLANG_WARN_DEPRECATED_OBJC_IMPLEMENTATIONS = YES;
				CLANG_WARN_DIRECT_OBJC_ISA_USAGE = YES_ERROR;
				CLANG_WARN_DOCUMENTATION_COMMENTS = YES;
				CLANG_WARN_EMPTY_BODY = YES;
				CLANG_WARN_ENUM_CONVERSION = YES;
				CLANG_WARN_INFINITE_RECURSION = YES;
				CLANG_WARN_INT_CONVERSION = YES;
				CLANG_WARN_NON_LITERAL_NULL_CONVERSION = YES;
				CLANG_WARN_OBJC_IMPLICIT_RETAIN_SELF = YES;
				CLANG_WARN_OBJC_LITERAL_CONVERSION = YES;
				CLANG_WARN_OBJC_ROOT_CLASS = YES_ERROR;
				CLANG_WARN_QUOTED_INCLUDE_IN_FRAMEWORK_HEADER = YES;
				CLANG_WARN_RANGE_LOOP_ANALYSIS = YES;
				CLANG_WARN_STRICT_PROTOTYPES = YES;
				CLANG_WARN_SUSPICIOUS_MOVE = YES;
				CLANG_WARN_UNGUARDED_AVAILABILITY = YES_AGGRESSIVE;
				CLANG_WARN_UNREACHABLE_CODE = YES;
				CLANG_WARN__DUPLICATE_METHOD_MATCH = YES;
				COPY_PHASE_STRIP = NO;
				DEBUG_INFORMATION_FORMAT = dwarf;
				ENABLE_STRICT_OBJC_MSGSEND = YES;
				ENABLE_TESTABILITY = YES;
				GCC_C_LANGUAGE_STANDARD = gnu11;
				GCC_DYNAMIC_NO_PIC = NO;
				GCC_NO_COMMON_BLOCKS = YES;
				GCC_OPTIMIZATION_LEVEL = 0;
				GCC_PREPROCESSOR_DEFINITIONS = (
					"DEBUG=1",
					"$(inherited)",
				);
				GCC_WARN_64_TO_32_BIT_CONVERSION = YES;
				GCC_WARN_ABOUT_RETURN_TYPE = YES_ERROR;
				GCC_WARN_UNDECLARED_SELECTOR = YES;
				GCC_WARN_UNINITIALIZED_AUTOS = YES_AGGRESSIVE;
				GCC_WARN_UNUSED_FUNCTION = YES;
				GCC_WARN_UNUSED_VARIABLE = YES;
				IPHONEOS_DEPLOYMENT_TARGET = 16.4;
				MTL_ENABLE_DEBUG_INFO = INCLUDE_SOURCE;
				MTL_FAST_MATH = YES;
				ONLY_ACTIVE_ARCH = YES;
				SDKROOT = iphoneos;
				SWIFT_ACTIVE_COMPILATION_CONDITIONS = DEBUG;
				SWIFT_OPTIMIZATION_LEVEL = "-Onone";
			};
			name = Debug;
		};
		42D7803F29F48ABA00B3B184 /* Release */ = {
			isa = XCBuildConfiguration;
			buildSettings = {
				ALWAYS_SEARCH_USER_PATHS = NO;
				CLANG_ANALYZER_NONNULL = YES;
				CLANG_ANALYZER_NUMBER_OBJECT_CONVERSION = YES_AGGRESSIVE;
				CLANG_CXX_LANGUAGE_STANDARD = "gnu++20";
				CLANG_ENABLE_MODULES = YES;
				CLANG_ENABLE_OBJC_ARC = YES;
				CLANG_ENABLE_OBJC_WEAK = YES;
				CLANG_WARN_BLOCK_CAPTURE_AUTORELEASING = YES;
				CLANG_WARN_BOOL_CONVERSION = YES;
				CLANG_WARN_COMMA = YES;
				CLANG_WARN_CONSTANT_CONVERSION = YES;
				CLANG_WARN_DEPRECATED_OBJC_IMPLEMENTATIONS = YES;
				CLANG_WARN_DIRECT_OBJC_ISA_USAGE = YES_ERROR;
				CLANG_WARN_DOCUMENTATION_COMMENTS = YES;
				CLANG_WARN_EMPTY_BODY = YES;
				CLANG_WARN_ENUM_CONVERSION = YES;
				CLANG_WARN_INFINITE_RECURSION = YES;
				CLANG_WARN_INT_CONVERSION = YES;
				CLANG_WARN_NON_LITERAL_NULL_CONVERSION = YES;
				CLANG_WARN_OBJC_IMPLICIT_RETAIN_SELF = YES;
				CLANG_WARN_OBJC_LITERAL_CONVERSION = YES;
				CLANG_WARN_OBJC_ROOT_CLASS = YES_ERROR;
				CLANG_WARN_QUOTED_INCLUDE_IN_FRAMEWORK_HEADER = YES;
				CLANG_WARN_RANGE_LOOP_ANALYSIS = YES;
				CLANG_WARN_STRICT_PROTOTYPES = YES;
				CLANG_WARN_SUSPICIOUS_MOVE = YES;
				CLANG_WARN_UNGUARDED_AVAILABILITY = YES_AGGRESSIVE;
				CLANG_WARN_UNREACHABLE_CODE = YES;
				CLANG_WARN__DUPLICATE_METHOD_MATCH = YES;
				COPY_PHASE_STRIP = NO;
				DEBUG_INFORMATION_FORMAT = "dwarf-with-dsym";
				ENABLE_NS_ASSERTIONS = NO;
				ENABLE_STRICT_OBJC_MSGSEND = YES;
				GCC_C_LANGUAGE_STANDARD = gnu11;
				GCC_NO_COMMON_BLOCKS = YES;
				GCC_WARN_64_TO_32_BIT_CONVERSION = YES;
				GCC_WARN_ABOUT_RETURN_TYPE = YES_ERROR;
				GCC_WARN_UNDECLARED_SELECTOR = YES;
				GCC_WARN_UNINITIALIZED_AUTOS = YES_AGGRESSIVE;
				GCC_WARN_UNUSED_FUNCTION = YES;
				GCC_WARN_UNUSED_VARIABLE = YES;
				IPHONEOS_DEPLOYMENT_TARGET = 16.4;
				MTL_ENABLE_DEBUG_INFO = NO;
				MTL_FAST_MATH = YES;
				SDKROOT = iphoneos;
				SWIFT_COMPILATION_MODE = wholemodule;
				SWIFT_OPTIMIZATION_LEVEL = "-O";
				VALIDATE_PRODUCT = YES;
			};
			name = Release;
		};
		42D7804129F48ABA00B3B184 /* Debug */ = {
			isa = XCBuildConfiguration;
			baseConfigurationReference = 1C22A7A4C3D26228678298AA /* Pods-FinalProject.debug.xcconfig */;
			buildSettings = {
				ASSETCATALOG_COMPILER_APPICON_NAME = AppIcon;
				ASSETCATALOG_COMPILER_GLOBAL_ACCENT_COLOR_NAME = AccentColor;
				CODE_SIGN_STYLE = Automatic;
				CURRENT_PROJECT_VERSION = 1;
				DEVELOPMENT_TEAM = L78UYQ944Y;
				GENERATE_INFOPLIST_FILE = YES;
				INFOPLIST_FILE = FinalProject/Info.plist;
				INFOPLIST_KEY_UIApplicationSupportsIndirectInputEvents = YES;
				INFOPLIST_KEY_UILaunchStoryboardName = LaunchScreen;
				INFOPLIST_KEY_UIMainStoryboardFile = Main;
				INFOPLIST_KEY_UISupportedInterfaceOrientations_iPad = "UIInterfaceOrientationPortrait UIInterfaceOrientationPortraitUpsideDown UIInterfaceOrientationLandscapeLeft UIInterfaceOrientationLandscapeRight";
				INFOPLIST_KEY_UISupportedInterfaceOrientations_iPhone = "UIInterfaceOrientationPortrait UIInterfaceOrientationLandscapeLeft UIInterfaceOrientationLandscapeRight";
				LD_RUNPATH_SEARCH_PATHS = (
					"$(inherited)",
					"@executable_path/Frameworks",
				);
				MARKETING_VERSION = 1.0;
				PRODUCT_BUNDLE_IDENTIFIER = edu.northeastern.xinyi.FinalProject;
				PRODUCT_NAME = "$(TARGET_NAME)";
				SWIFT_EMIT_LOC_STRINGS = YES;
				SWIFT_VERSION = 5.0;
				TARGETED_DEVICE_FAMILY = "1,2";
			};
			name = Debug;
		};
		42D7804229F48ABA00B3B184 /* Release */ = {
			isa = XCBuildConfiguration;
			baseConfigurationReference = 40EE1F99B21A4C220BAD1161 /* Pods-FinalProject.release.xcconfig */;
			buildSettings = {
				ASSETCATALOG_COMPILER_APPICON_NAME = AppIcon;
				ASSETCATALOG_COMPILER_GLOBAL_ACCENT_COLOR_NAME = AccentColor;
				CODE_SIGN_STYLE = Automatic;
				CURRENT_PROJECT_VERSION = 1;
				DEVELOPMENT_TEAM = L78UYQ944Y;
				GENERATE_INFOPLIST_FILE = YES;
				INFOPLIST_FILE = FinalProject/Info.plist;
				INFOPLIST_KEY_UIApplicationSupportsIndirectInputEvents = YES;
				INFOPLIST_KEY_UILaunchStoryboardName = LaunchScreen;
				INFOPLIST_KEY_UIMainStoryboardFile = Main;
				INFOPLIST_KEY_UISupportedInterfaceOrientations_iPad = "UIInterfaceOrientationPortrait UIInterfaceOrientationPortraitUpsideDown UIInterfaceOrientationLandscapeLeft UIInterfaceOrientationLandscapeRight";
				INFOPLIST_KEY_UISupportedInterfaceOrientations_iPhone = "UIInterfaceOrientationPortrait UIInterfaceOrientationLandscapeLeft UIInterfaceOrientationLandscapeRight";
				LD_RUNPATH_SEARCH_PATHS = (
					"$(inherited)",
					"@executable_path/Frameworks",
				);
				MARKETING_VERSION = 1.0;
				PRODUCT_BUNDLE_IDENTIFIER = edu.northeastern.xinyi.FinalProject;
				PRODUCT_NAME = "$(TARGET_NAME)";
				SWIFT_EMIT_LOC_STRINGS = YES;
				SWIFT_VERSION = 5.0;
				TARGETED_DEVICE_FAMILY = "1,2";
			};
			name = Release;
		};
/* End XCBuildConfiguration section */

/* Begin XCConfigurationList section */
		42D7802729F48AB900B3B184 /* Build configuration list for PBXProject "FinalProject" */ = {
			isa = XCConfigurationList;
			buildConfigurations = (
				42D7803E29F48ABA00B3B184 /* Debug */,
				42D7803F29F48ABA00B3B184 /* Release */,
			);
			defaultConfigurationIsVisible = 0;
			defaultConfigurationName = Release;
		};
		42D7804029F48ABA00B3B184 /* Build configuration list for PBXNativeTarget "FinalProject" */ = {
			isa = XCConfigurationList;
			buildConfigurations = (
				42D7804129F48ABA00B3B184 /* Debug */,
				42D7804229F48ABA00B3B184 /* Release */,
			);
			defaultConfigurationIsVisible = 0;
			defaultConfigurationName = Release;
		};
/* End XCConfigurationList section */
	};
	rootObject = 42D7802429F48AB900B3B184 /* Project object */;
}
